// !$*UTF8*$!
{
	archiveVersion = 1;
	classes = {
	};
	objectVersion = 46;
	objects = {

/* Begin PBXBuildFile section */
		CF28FA3E1EE4B6040099E06D /* AppDelegate.swift in Sources */ = {isa = PBXBuildFile; fileRef = CF28FA3D1EE4B6040099E06D /* AppDelegate.swift */; };
		CF28FA401EE4B6040099E06D /* FirstViewController.swift in Sources */ = {isa = PBXBuildFile; fileRef = CF28FA3F1EE4B6040099E06D /* FirstViewController.swift */; };
		CF28FA421EE4B6040099E06D /* SecondViewController.swift in Sources */ = {isa = PBXBuildFile; fileRef = CF28FA411EE4B6040099E06D /* SecondViewController.swift */; };
		CF28FA451EE4B6040099E06D /* Main.storyboard in Resources */ = {isa = PBXBuildFile; fileRef = CF28FA431EE4B6040099E06D /* Main.storyboard */; };
		CF28FA471EE4B6040099E06D /* Assets.xcassets in Resources */ = {isa = PBXBuildFile; fileRef = CF28FA461EE4B6040099E06D /* Assets.xcassets */; };
		CF28FA4A1EE4B6040099E06D /* LaunchScreen.storyboard in Resources */ = {isa = PBXBuildFile; fileRef = CF28FA481EE4B6040099E06D /* LaunchScreen.storyboard */; };
		CF28FA551EE4B6040099E06D /* TabbedTestTests.swift in Sources */ = {isa = PBXBuildFile; fileRef = CF28FA541EE4B6040099E06D /* TabbedTestTests.swift */; };
		CF28FA601EE4B6040099E06D /* TabbedTestUITests.swift in Sources */ = {isa = PBXBuildFile; fileRef = CF28FA5F1EE4B6040099E06D /* TabbedTestUITests.swift */; };
/* End PBXBuildFile section */

/* Begin PBXContainerItemProxy section */
		CF28FA511EE4B6040099E06D /* PBXContainerItemProxy */ = {
			isa = PBXContainerItemProxy;
			containerPortal = CF28FA321EE4B6040099E06D /* Project object */;
			proxyType = 1;
			remoteGlobalIDString = CF28FA391EE4B6040099E06D;
			remoteInfo = TabbedTest;
		};
		CF28FA5C1EE4B6040099E06D /* PBXContainerItemProxy */ = {
			isa = PBXContainerItemProxy;
			containerPortal = CF28FA321EE4B6040099E06D /* Project object */;
			proxyType = 1;
			remoteGlobalIDString = CF28FA391EE4B6040099E06D;
			remoteInfo = TabbedTest;
		};
/* End PBXContainerItemProxy section */

/* Begin PBXFileReference section */
		CF28FA3A1EE4B6040099E06D /* TabbedTest.app */ = {isa = PBXFileReference; explicitFileType = wrapper.application; includeInIndex = 0; path = TabbedTest.app; sourceTree = BUILT_PRODUCTS_DIR; };
		CF28FA3D1EE4B6040099E06D /* AppDelegate.swift */ = {isa = PBXFileReference; lastKnownFileType = sourcecode.swift; path = AppDelegate.swift; sourceTree = "<group>"; };
		CF28FA3F1EE4B6040099E06D /* FirstViewController.swift */ = {isa = PBXFileReference; lastKnownFileType = sourcecode.swift; path = FirstViewController.swift; sourceTree = "<group>"; };
		CF28FA411EE4B6040099E06D /* SecondViewController.swift */ = {isa = PBXFileReference; lastKnownFileType = sourcecode.swift; path = SecondViewController.swift; sourceTree = "<group>"; };
		CF28FA441EE4B6040099E06D /* Base */ = {isa = PBXFileReference; lastKnownFileType = file.storyboard; name = Base; path = Base.lproj/Main.storyboard; sourceTree = "<group>"; };
		CF28FA461EE4B6040099E06D /* Assets.xcassets */ = {isa = PBXFileReference; lastKnownFileType = folder.assetcatalog; path = Assets.xcassets; sourceTree = "<group>"; };
		CF28FA491EE4B6040099E06D /* Base */ = {isa = PBXFileReference; lastKnownFileType = file.storyboard; name = Base; path = Base.lproj/LaunchScreen.storyboard; sourceTree = "<group>"; };
		CF28FA4B1EE4B6040099E06D /* Info.plist */ = {isa = PBXFileReference; lastKnownFileType = text.plist.xml; path = Info.plist; sourceTree = "<group>"; };
		CF28FA501EE4B6040099E06D /* TabbedTestTests.xctest */ = {isa = PBXFileReference; explicitFileType = wrapper.cfbundle; includeInIndex = 0; path = TabbedTestTests.xctest; sourceTree = BUILT_PRODUCTS_DIR; };
		CF28FA541EE4B6040099E06D /* TabbedTestTests.swift */ = {isa = PBXFileReference; lastKnownFileType = sourcecode.swift; path = TabbedTestTests.swift; sourceTree = "<group>"; };
		CF28FA561EE4B6040099E06D /* Info.plist */ = {isa = PBXFileReference; lastKnownFileType = text.plist.xml; path = Info.plist; sourceTree = "<group>"; };
		CF28FA5B1EE4B6040099E06D /* TabbedTestUITests.xctest */ = {isa = PBXFileReference; explicitFileType = wrapper.cfbundle; includeInIndex = 0; path = TabbedTestUITests.xctest; sourceTree = BUILT_PRODUCTS_DIR; };
		CF28FA5F1EE4B6040099E06D /* TabbedTestUITests.swift */ = {isa = PBXFileReference; lastKnownFileType = sourcecode.swift; path = TabbedTestUITests.swift; sourceTree = "<group>"; };
		CF28FA611EE4B6040099E06D /* Info.plist */ = {isa = PBXFileReference; lastKnownFileType = text.plist.xml; path = Info.plist; sourceTree = "<group>"; };
/* End PBXFileReference section */

/* Begin PBXFrameworksBuildPhase section */
		CF28FA371EE4B6040099E06D /* Frameworks */ = {
			isa = PBXFrameworksBuildPhase;
			buildActionMask = 2147483647;
			files = (
			);
			runOnlyForDeploymentPostprocessing = 0;
		};
		CF28FA4D1EE4B6040099E06D /* Frameworks */ = {
			isa = PBXFrameworksBuildPhase;
			buildActionMask = 2147483647;
			files = (
			);
			runOnlyForDeploymentPostprocessing = 0;
		};
		CF28FA581EE4B6040099E06D /* Frameworks */ = {
			isa = PBXFrameworksBuildPhase;
			buildActionMask = 2147483647;
			files = (
			);
			runOnlyForDeploymentPostprocessing = 0;
		};
/* End PBXFrameworksBuildPhase section */

/* Begin PBXGroup section */
		CF28FA311EE4B6040099E06D = {
			isa = PBXGroup;
			children = (
				CF28FA3C1EE4B6040099E06D /* TabbedTest */,
				CF28FA531EE4B6040099E06D /* TabbedTestTests */,
				CF28FA5E1EE4B6040099E06D /* TabbedTestUITests */,
				CF28FA3B1EE4B6040099E06D /* Products */,
			);
			sourceTree = "<group>";
		};
		CF28FA3B1EE4B6040099E06D /* Products */ = {
			isa = PBXGroup;
			children = (
				CF28FA3A1EE4B6040099E06D /* TabbedTest.app */,
				CF28FA501EE4B6040099E06D /* TabbedTestTests.xctest */,
				CF28FA5B1EE4B6040099E06D /* TabbedTestUITests.xctest */,
			);
			name = Products;
			sourceTree = "<group>";
		};
		CF28FA3C1EE4B6040099E06D /* TabbedTest */ = {
			isa = PBXGroup;
			children = (
				CF28FA3D1EE4B6040099E06D /* AppDelegate.swift */,
				CF28FA3F1EE4B6040099E06D /* FirstViewController.swift */,
				CF28FA411EE4B6040099E06D /* SecondViewController.swift */,
				CF28FA431EE4B6040099E06D /* Main.storyboard */,
				CF28FA461EE4B6040099E06D /* Assets.xcassets */,
				CF28FA481EE4B6040099E06D /* LaunchScreen.storyboard */,
				CF28FA4B1EE4B6040099E06D /* Info.plist */,
			);
			path = TabbedTest;
			sourceTree = "<group>";
		};
		CF28FA531EE4B6040099E06D /* TabbedTestTests */ = {
			isa = PBXGroup;
			children = (
				CF28FA541EE4B6040099E06D /* TabbedTestTests.swift */,
				CF28FA561EE4B6040099E06D /* Info.plist */,
			);
			path = TabbedTestTests;
			sourceTree = "<group>";
		};
		CF28FA5E1EE4B6040099E06D /* TabbedTestUITests */ = {
			isa = PBXGroup;
			children = (
				CF28FA5F1EE4B6040099E06D /* TabbedTestUITests.swift */,
				CF28FA611EE4B6040099E06D /* Info.plist */,
			);
			path = TabbedTestUITests;
			sourceTree = "<group>";
		};
/* End PBXGroup section */

/* Begin PBXNativeTarget section */
		CF28FA391EE4B6040099E06D /* TabbedTest */ = {
			isa = PBXNativeTarget;
			buildConfigurationList = CF28FA641EE4B6040099E06D /* Build configuration list for PBXNativeTarget "TabbedTest" */;
			buildPhases = (
				CF28FA361EE4B6040099E06D /* Sources */,
				CF28FA371EE4B6040099E06D /* Frameworks */,
				CF28FA381EE4B6040099E06D /* Resources */,
			);
			buildRules = (
			);
			dependencies = (
			);
			name = TabbedTest;
			productName = TabbedTest;
			productReference = CF28FA3A1EE4B6040099E06D /* TabbedTest.app */;
			productType = "com.apple.product-type.application";
		};
		CF28FA4F1EE4B6040099E06D /* TabbedTestTests */ = {
			isa = PBXNativeTarget;
			buildConfigurationList = CF28FA671EE4B6040099E06D /* Build configuration list for PBXNativeTarget "TabbedTestTests" */;
			buildPhases = (
				CF28FA4C1EE4B6040099E06D /* Sources */,
				CF28FA4D1EE4B6040099E06D /* Frameworks */,
				CF28FA4E1EE4B6040099E06D /* Resources */,
			);
			buildRules = (
			);
			dependencies = (
				CF28FA521EE4B6040099E06D /* PBXTargetDependency */,
			);
			name = TabbedTestTests;
			productName = TabbedTestTests;
			productReference = CF28FA501EE4B6040099E06D /* TabbedTestTests.xctest */;
			productType = "com.apple.product-type.bundle.unit-test";
		};
		CF28FA5A1EE4B6040099E06D /* TabbedTestUITests */ = {
			isa = PBXNativeTarget;
			buildConfigurationList = CF28FA6A1EE4B6040099E06D /* Build configuration list for PBXNativeTarget "TabbedTestUITests" */;
			buildPhases = (
				CF28FA571EE4B6040099E06D /* Sources */,
				CF28FA581EE4B6040099E06D /* Frameworks */,
				CF28FA591EE4B6040099E06D /* Resources */,
			);
			buildRules = (
			);
			dependencies = (
				CF28FA5D1EE4B6040099E06D /* PBXTargetDependency */,
			);
			name = TabbedTestUITests;
			productName = TabbedTestUITests;
			productReference = CF28FA5B1EE4B6040099E06D /* TabbedTestUITests.xctest */;
			productType = "com.apple.product-type.bundle.ui-testing";
		};
/* End PBXNativeTarget section */

/* Begin PBXProject section */
		CF28FA321EE4B6040099E06D /* Project object */ = {
			isa = PBXProject;
			attributes = {
				LastSwiftUpdateCheck = 0830;
				LastUpgradeCheck = 0830;
				ORGANIZATIONNAME = "Trevor Rose";
				TargetAttributes = {
					CF28FA391EE4B6040099E06D = {
						CreatedOnToolsVersion = 8.3.2;
						DevelopmentTeam = 9F5M35K84C;
						ProvisioningStyle = Automatic;
					};
					CF28FA4F1EE4B6040099E06D = {
						CreatedOnToolsVersion = 8.3.2;
						DevelopmentTeam = 9F5M35K84C;
						ProvisioningStyle = Automatic;
						TestTargetID = CF28FA391EE4B6040099E06D;
					};
					CF28FA5A1EE4B6040099E06D = {
						CreatedOnToolsVersion = 8.3.2;
						DevelopmentTeam = 9F5M35K84C;
						ProvisioningStyle = Automatic;
						TestTargetID = CF28FA391EE4B6040099E06D;
					};
				};
			};
			buildConfigurationList = CF28FA351EE4B6040099E06D /* Build configuration list for PBXProject "TabbedTest" */;
			compatibilityVersion = "Xcode 3.2";
			developmentRegion = English;
			hasScannedForEncodings = 0;
			knownRegions = (
				en,
				Base,
			);
			mainGroup = CF28FA311EE4B6040099E06D;
			productRefGroup = CF28FA3B1EE4B6040099E06D /* Products */;
			projectDirPath = "";
			projectRoot = "";
			targets = (
				CF28FA391EE4B6040099E06D /* TabbedTest */,
				CF28FA4F1EE4B6040099E06D /* TabbedTestTests */,
				CF28FA5A1EE4B6040099E06D /* TabbedTestUITests */,
			);
		};
/* End PBXProject section */

/* Begin PBXResourcesBuildPhase section */
		CF28FA381EE4B6040099E06D /* Resources */ = {
			isa = PBXResourcesBuildPhase;
			buildActionMask = 2147483647;
			files = (
				CF28FA4A1EE4B6040099E06D /* LaunchScreen.storyboard in Resources */,
				CF28FA471EE4B6040099E06D /* Assets.xcassets in Resources */,
				CF28FA451EE4B6040099E06D /* Main.storyboard in Resources */,
			);
			runOnlyForDeploymentPostprocessing = 0;
		};
		CF28FA4E1EE4B6040099E06D /* Resources */ = {
			isa = PBXResourcesBuildPhase;
			buildActionMask = 2147483647;
			files = (
			);
			runOnlyForDeploymentPostprocessing = 0;
		};
		CF28FA591EE4B6040099E06D /* Resources */ = {
			isa = PBXResourcesBuildPhase;
			buildActionMask = 2147483647;
			files = (
			);
			runOnlyForDeploymentPostprocessing = 0;
		};
/* End PBXResourcesBuildPhase section */

/* Begin PBXSourcesBuildPhase section */
		CF28FA361EE4B6040099E06D /* Sources */ = {
			isa = PBXSourcesBuildPhase;
			buildActionMask = 2147483647;
			files = (
				CF28FA421EE4B6040099E06D /* SecondViewController.swift in Sources */,
				CF28FA3E1EE4B6040099E06D /* AppDelegate.swift in Sources */,
				CF28FA401EE4B6040099E06D /* FirstViewController.swift in Sources */,
			);
			runOnlyForDeploymentPostprocessing = 0;
		};
		CF28FA4C1EE4B6040099E06D /* Sources */ = {
			isa = PBXSourcesBuildPhase;
			buildActionMask = 2147483647;
			files = (
				CF28FA551EE4B6040099E06D /* TabbedTestTests.swift in Sources */,
			);
			runOnlyForDeploymentPostprocessing = 0;
		};
		CF28FA571EE4B6040099E06D /* Sources */ = {
			isa = PBXSourcesBuildPhase;
			buildActionMask = 2147483647;
			files = (
				CF28FA601EE4B6040099E06D /* TabbedTestUITests.swift in Sources */,
			);
			runOnlyForDeploymentPostprocessing = 0;
		};
/* End PBXSourcesBuildPhase section */

/* Begin PBXTargetDependency section */
		CF28FA521EE4B6040099E06D /* PBXTargetDependency */ = {
			isa = PBXTargetDependency;
			target = CF28FA391EE4B6040099E06D /* TabbedTest */;
			targetProxy = CF28FA511EE4B6040099E06D /* PBXContainerItemProxy */;
		};
		CF28FA5D1EE4B6040099E06D /* PBXTargetDependency */ = {
			isa = PBXTargetDependency;
			target = CF28FA391EE4B6040099E06D /* TabbedTest */;
			targetProxy = CF28FA5C1EE4B6040099E06D /* PBXContainerItemProxy */;
		};
/* End PBXTargetDependency section */

/* Begin PBXVariantGroup section */
		CF28FA431EE4B6040099E06D /* Main.storyboard */ = {
			isa = PBXVariantGroup;
			children = (
				CF28FA441EE4B6040099E06D /* Base */,
			);
			name = Main.storyboard;
			sourceTree = "<group>";
		};
		CF28FA481EE4B6040099E06D /* LaunchScreen.storyboard */ = {
			isa = PBXVariantGroup;
			children = (
				CF28FA491EE4B6040099E06D /* Base */,
			);
			name = LaunchScreen.storyboard;
			sourceTree = "<group>";
		};
/* End PBXVariantGroup section */

/* Begin XCBuildConfiguration section */
		CF28FA621EE4B6040099E06D /* Debug */ = {
			isa = XCBuildConfiguration;
			buildSettings = {
				ALWAYS_SEARCH_USER_PATHS = NO;
				CLANG_ANALYZER_NONNULL = YES;
				CLANG_ANALYZER_NUMBER_OBJECT_CONVERSION = YES_AGGRESSIVE;
				CLANG_CXX_LANGUAGE_STANDARD = "gnu++0x";
				CLANG_CXX_LIBRARY = "libc++";
				CLANG_ENABLE_MODULES = YES;
				CLANG_ENABLE_OBJC_ARC = YES;
				CLANG_WARN_BOOL_CONVERSION = YES;
				CLANG_WARN_CONSTANT_CONVERSION = YES;
				CLANG_WARN_DIRECT_OBJC_ISA_USAGE = YES_ERROR;
				CLANG_WARN_DOCUMENTATION_COMMENTS = YES;
				CLANG_WARN_EMPTY_BODY = YES;
				CLANG_WARN_ENUM_CONVERSION = YES;
				CLANG_WARN_INFINITE_RECURSION = YES;
				CLANG_WARN_INT_CONVERSION = YES;
				CLANG_WARN_OBJC_ROOT_CLASS = YES_ERROR;
				CLANG_WARN_SUSPICIOUS_MOVE = YES;
				CLANG_WARN_UNREACHABLE_CODE = YES;
				CLANG_WARN__DUPLICATE_METHOD_MATCH = YES;
				"CODE_SIGN_IDENTITY[sdk=iphoneos*]" = "iPhone Developer";
				COPY_PHASE_STRIP = NO;
				DEBUG_INFORMATION_FORMAT = dwarf;
				ENABLE_STRICT_OBJC_MSGSEND = YES;
				ENABLE_TESTABILITY = YES;
				GCC_C_LANGUAGE_STANDARD = gnu99;
				GCC_DYNAMIC_NO_PIC = NO;
				GCC_NO_COMMON_BLOCKS = YES;
				GCC_OPTIMIZATION_LEVEL = 0;
				GCC_PREPROCESSOR_DEFINITIONS = (
					"DEBUG=1",
					"$(inherited)",
				);
				GCC_WARN_64_TO_32_BIT_CONVERSION = YES;
				GCC_WARN_ABOUT_RETURN_TYPE = YES_ERROR;
				GCC_WARN_UNDECLARED_SELECTOR = YES;
				GCC_WARN_UNINITIALIZED_AUTOS = YES_AGGRESSIVE;
				GCC_WARN_UNUSED_FUNCTION = YES;
				GCC_WARN_UNUSED_VARIABLE = YES;
				IPHONEOS_DEPLOYMENT_TARGET = 10.3;
				MTL_ENABLE_DEBUG_INFO = YES;
				ONLY_ACTIVE_ARCH = YES;
				SDKROOT = iphoneos;
				SWIFT_ACTIVE_COMPILATION_CONDITIONS = DEBUG;
				SWIFT_OPTIMIZATION_LEVEL = "-Onone";
				TARGETED_DEVICE_FAMILY = "1,2";
			};
			name = Debug;
		};
		CF28FA631EE4B6040099E06D /* Release */ = {
			isa = XCBuildConfiguration;
			buildSettings = {
				ALWAYS_SEARCH_USER_PATHS = NO;
				CLANG_ANALYZER_NONNULL = YES;
				CLANG_ANALYZER_NUMBER_OBJECT_CONVERSION = YES_AGGRESSIVE;
				CLANG_CXX_LANGUAGE_STANDARD = "gnu++0x";
				CLANG_CXX_LIBRARY = "libc++";
				CLANG_ENABLE_MODULES = YES;
				CLANG_ENABLE_OBJC_ARC = YES;
				CLANG_WARN_BOOL_CONVERSION = YES;
				CLANG_WARN_CONSTANT_CONVERSION = YES;
				CLANG_WARN_DIRECT_OBJC_ISA_USAGE = YES_ERROR;
				CLANG_WARN_DOCUMENTATION_COMMENTS = YES;
				CLANG_WARN_EMPTY_BODY = YES;
				CLANG_WARN_ENUM_CONVERSION = YES;
				CLANG_WARN_INFINITE_RECURSION = YES;
				CLANG_WARN_INT_CONVERSION = YES;
				CLANG_WARN_OBJC_ROOT_CLASS = YES_ERROR;
				CLANG_WARN_SUSPICIOUS_MOVE = YES;
				CLANG_WARN_UNREACHABLE_CODE = YES;
				CLANG_WARN__DUPLICATE_METHOD_MATCH = YES;
				"CODE_SIGN_IDENTITY[sdk=iphoneos*]" = "iPhone Developer";
				COPY_PHASE_STRIP = NO;
				DEBUG_INFORMATION_FORMAT = "dwarf-with-dsym";
				ENABLE_NS_ASSERTIONS = NO;
				ENABLE_STRICT_OBJC_MSGSEND = YES;
				GCC_C_LANGUAGE_STANDARD = gnu99;
				GCC_NO_COMMON_BLOCKS = YES;
				GCC_WARN_64_TO_32_BIT_CONVERSION = YES;
				GCC_WARN_ABOUT_RETURN_TYPE = YES_ERROR;
				GCC_WARN_UNDECLARED_SELECTOR = YES;
				GCC_WARN_UNINITIALIZED_AUTOS = YES_AGGRESSIVE;
				GCC_WARN_UNUSED_FUNCTION = YES;
				GCC_WARN_UNUSED_VARIABLE = YES;
				IPHONEOS_DEPLOYMENT_TARGET = 10.3;
				MTL_ENABLE_DEBUG_INFO = NO;
				SDKROOT = iphoneos;
				SWIFT_OPTIMIZATION_LEVEL = "-Owholemodule";
				TARGETED_DEVICE_FAMILY = "1,2";
				VALIDATE_PRODUCT = YES;
			};
			name = Release;
		};
		CF28FA651EE4B6040099E06D /* Debug */ = {
			isa = XCBuildConfiguration;
			buildSettings = {
				ASSETCATALOG_COMPILER_APPICON_NAME = AppIcon;
				DEVELOPMENT_TEAM = 9F5M35K84C;
				INFOPLIST_FILE = TabbedTest/Info.plist;
				LD_RUNPATH_SEARCH_PATHS = "$(inherited) @executable_path/Frameworks";
				PRODUCT_BUNDLE_IDENTIFIER = com.keyloftstudios.TabbedTest;
				PRODUCT_NAME = "$(TARGET_NAME)";
				SWIFT_VERSION = 3.0;
			};
			name = Debug;
		};
		CF28FA661EE4B6040099E06D /* Release */ = {
			isa = XCBuildConfiguration;
			buildSettings = {
				ASSETCATALOG_COMPILER_APPICON_NAME = AppIcon;
				DEVELOPMENT_TEAM = 9F5M35K84C;
				INFOPLIST_FILE = TabbedTest/Info.plist;
				LD_RUNPATH_SEARCH_PATHS = "$(inherited) @executable_path/Frameworks";
				PRODUCT_BUNDLE_IDENTIFIER = com.keyloftstudios.TabbedTest;
				PRODUCT_NAME = "$(TARGET_NAME)";
				SWIFT_VERSION = 3.0;
			};
			name = Release;
		};
		CF28FA681EE4B6040099E06D /* Debug */ = {
			isa = XCBuildConfiguration;
			buildSettings = {
				ALWAYS_EMBED_SWIFT_STANDARD_LIBRARIES = YES;
				BUNDLE_LOADER = "$(TEST_HOST)";
				DEVELOPMENT_TEAM = 9F5M35K84C;
				INFOPLIST_FILE = TabbedTestTests/Info.plist;
				LD_RUNPATH_SEARCH_PATHS = "$(inherited) @executable_path/Frameworks @loader_path/Frameworks";
				PRODUCT_BUNDLE_IDENTIFIER = com.keyloftstudios.TabbedTestTests;
				PRODUCT_NAME = "$(TARGET_NAME)";
				SWIFT_VERSION = 3.0;
				TEST_HOST = "$(BUILT_PRODUCTS_DIR)/TabbedTest.app/TabbedTest";
			};
			name = Debug;
		};
		CF28FA691EE4B6040099E06D /* Release */ = {
			isa = XCBuildConfiguration;
			buildSettings = {
				ALWAYS_EMBED_SWIFT_STANDARD_LIBRARIES = YES;
				BUNDLE_LOADER = "$(TEST_HOST)";
				DEVELOPMENT_TEAM = 9F5M35K84C;
				INFOPLIST_FILE = TabbedTestTests/Info.plist;
				LD_RUNPATH_SEARCH_PATHS = "$(inherited) @executable_path/Frameworks @loader_path/Frameworks";
				PRODUCT_BUNDLE_IDENTIFIER = com.keyloftstudios.TabbedTestTests;
				PRODUCT_NAME = "$(TARGET_NAME)";
				SWIFT_VERSION = 3.0;
				TEST_HOST = "$(BUILT_PRODUCTS_DIR)/TabbedTest.app/TabbedTest";
			};
			name = Release;
		};
		CF28FA6B1EE4B6040099E06D /* Debug */ = {
			isa = XCBuildConfiguration;
			buildSettings = {
				ALWAYS_EMBED_SWIFT_STANDARD_LIBRARIES = YES;
				DEVELOPMENT_TEAM = 9F5M35K84C;
				INFOPLIST_FILE = TabbedTestUITests/Info.plist;
				LD_RUNPATH_SEARCH_PATHS = "$(inherited) @executable_path/Frameworks @loader_path/Frameworks";
				PRODUCT_BUNDLE_IDENTIFIER = com.keyloftstudios.TabbedTestUITests;
				PRODUCT_NAME = "$(TARGET_NAME)";
				SWIFT_VERSION = 3.0;
				TEST_TARGET_NAME = TabbedTest;
			};
			name = Debug;
		};
		CF28FA6C1EE4B6040099E06D /* Release */ = {
			isa = XCBuildConfiguration;
			buildSettings = {
				ALWAYS_EMBED_SWIFT_STANDARD_LIBRARIES = YES;
				DEVELOPMENT_TEAM = 9F5M35K84C;
				INFOPLIST_FILE = TabbedTestUITests/Info.plist;
				LD_RUNPATH_SEARCH_PATHS = "$(inherited) @executable_path/Frameworks @loader_path/Frameworks";
				PRODUCT_BUNDLE_IDENTIFIER = com.keyloftstudios.TabbedTestUITests;
				PRODUCT_NAME = "$(TARGET_NAME)";
				SWIFT_VERSION = 3.0;
				TEST_TARGET_NAME = TabbedTest;
			};
			name = Release;
		};
/* End XCBuildConfiguration section */

/* Begin XCConfigurationList section */
		CF28FA351EE4B6040099E06D /* Build configuration list for PBXProject "TabbedTest" */ = {
			isa = XCConfigurationList;
			buildConfigurations = (
				CF28FA621EE4B6040099E06D /* Debug */,
				CF28FA631EE4B6040099E06D /* Release */,
			);
			defaultConfigurationIsVisible = 0;
			defaultConfigurationName = Release;
		};
		CF28FA641EE4B6040099E06D /* Build configuration list for PBXNativeTarget "TabbedTest" */ = {
			isa = XCConfigurationList;
			buildConfigurations = (
				CF28FA651EE4B6040099E06D /* Debug */,
				CF28FA661EE4B6040099E06D /* Release */,
			);
			defaultConfigurationIsVisible = 0;
		};
		CF28FA671EE4B6040099E06D /* Build configuration list for PBXNativeTarget "TabbedTestTests" */ = {
			isa = XCConfigurationList;
			buildConfigurations = (
				CF28FA681EE4B6040099E06D /* Debug */,
				CF28FA691EE4B6040099E06D /* Release */,
			);
			defaultConfigurationIsVisible = 0;
		};
		CF28FA6A1EE4B6040099E06D /* Build configuration list for PBXNativeTarget "TabbedTestUITests" */ = {
			isa = XCConfigurationList;
			buildConfigurations = (
				CF28FA6B1EE4B6040099E06D /* Debug */,
				CF28FA6C1EE4B6040099E06D /* Release */,
			);
			defaultConfigurationIsVisible = 0;
		};
/* End XCConfigurationList section */
	};
	rootObject = CF28FA321EE4B6040099E06D /* Project object */;
}
